{
  "name": "@hydrophobefireman/kit-icons",
  "version": "0.0.8",
  "lockfileVersion": 2,
  "requires": true,
  "packages": {
    "": {
      "name": "@hydrophobefireman/kit-icons",
      "version": "0.0.8",
      "license": "MIT",
      "dependencies": {
        "csstype": "^3.0.9"
      },
      "devDependencies": {
        "@types/node": "^16.10.3",
        "typescript": "^4.4.3"
      },
      "peerDependencies": {
        "@hydrophobefireman/ui-lib": "latest"
      }
    },
    "node_modules/@hydrophobefireman/ui-lib": {
      "version": "1.11.3",
      "resolved": "https://registry.npmjs.org/@hydrophobefireman/ui-lib/-/ui-lib-1.11.3.tgz",
      "integrity": "sha512-5/1D9mwuBBM/YZzKXqoaDv8QwYFp6Z2sKj5I+I4JLidZ+vzfWkvc15l/dNaT336gF64t2dsUSw8c4OW1MGeWjQ==",
      "peer": true
    },
    "node_modules/@types/node": {
      "version": "16.10.3",
      "resolved": "https://registry.npmjs.org/@types/node/-/node-16.10.3.tgz",
      "integrity": "sha512-ho3Ruq+fFnBrZhUYI46n/bV2GjwzSkwuT4dTf0GkuNFmnb8nq4ny2z9JEVemFi6bdEJanHLlYfy9c6FN9B9McQ==",
      "dev": true
    },
    "node_modules/csstype": {
      "version": "3.0.9",
      "resolved": "https://registry.npmjs.org/csstype/-/csstype-3.0.9.tgz",
      "integrity": "sha512-rpw6JPxK6Rfg1zLOYCSwle2GFOOsnjmDYDaBwEcwoOg4qlsIVCN789VkBZDJAGi4T07gI4YSutR43t9Zz4Lzuw=="
    },
    "node_modules/typescript": {
      "version": "4.4.3",
      "resolved": "https://registry.npmjs.org/typescript/-/typescript-4.4.3.tgz",
      "integrity": "sha512-4xfscpisVgqqDfPaJo5vkd+Qd/ItkoagnHpufr+i2QCHBsNYp+G7UAoyFl8aPtx879u38wPV65rZ8qbGZijalA==",
      "dev": true,
      "bin": {
        "tsc": "bin/tsc",
        "tsserver": "bin/tsserver"
      },
      "engines": {
        "node": ">=4.2.0"
      }
    }
  },
  "dependencies": {
    "@hydrophobefireman/ui-lib": {
      "version": "1.11.3",
      "resolved": "https://registry.npmjs.org/@hydrophobefireman/ui-lib/-/ui-lib-1.11.3.tgz",
      "integrity": "sha512-5/1D9mwuBBM/YZzKXqoaDv8QwYFp6Z2sKj5I+I4JLidZ+vzfWkvc15l/dNaT336gF64t2dsUSw8c4OW1MGeWjQ==",
      "peer": true
    },
    "@types/node": {
      "version": "16.10.3",
      "resolved": "https://registry.npmjs.org/@types/node/-/node-16.10.3.tgz",
      "integrity": "sha512-ho3Ruq+fFnBrZhUYI46n/bV2GjwzSkwuT4dTf0GkuNFmnb8nq4ny2z9JEVemFi6bdEJanHLlYfy9c6FN9B9McQ==",
      "dev": true
    },
    "csstype": {
      "version": "3.0.9",
      "resolved": "https://registry.npmjs.org/csstype/-/csstype-3.0.9.tgz",
      "integrity": "sha512-rpw6JPxK6Rfg1zLOYCSwle2GFOOsnjmDYDaBwEcwoOg4qlsIVCN789VkBZDJAGi4T07gI4YSutR43t9Zz4Lzuw=="
    },
    "typescript": {
      "version": "4.4.3",
      "resolved": "https://registry.npmjs.org/typescript/-/typescript-4.4.3.tgz",
      "integrity": "sha512-4xfscpisVgqqDfPaJo5vkd+Qd/ItkoagnHpufr+i2QCHBsNYp+G7UAoyFl8aPtx879u38wPV65rZ8qbGZijalA==",
      "dev": true
    }
  }
}
